
Microsoft Visual Studio Solution File, Format Version 12.00
# Visual Studio Version 16
VisualStudioVersion = 16.0.30804.86
MinimumVisualStudioVersion = 10.0.40219.1
Project("{9A19103F-16F7-4668-BE54-9A1E7A4F7556}") = "KampIntro", "KampIntro\KampIntro.csproj", "{21BE314D-FFE6-4A05-9DEE-390B5F03F19A}"
EndProject
Project("{9A19103F-16F7-4668-BE54-9A1E7A4F7556}") = "Donguler", "Donguler\Donguler.csproj", "{CA7B9740-47DE-4448-BF93-D50CB86E6208}"
EndProject
Project("{9A19103F-16F7-4668-BE54-9A1E7A4F7556}") = "ClassIntro", "ClassIntro\ClassIntro.csproj", "{365B740C-5C65-486E-8EC4-B21EC46C2953}"
EndProject
Project("{9A19103F-16F7-4668-BE54-9A1E7A4F7556}") = "Metotlar", "Metotlar\Metotlar.csproj", "{4F6E064E-33D0-47CE-936D-9C62720A5F1F}"
EndProject
Project("{9A19103F-16F7-4668-BE54-9A1E7A4F7556}") = "Matematik", "Matematik\Matematik.csproj", "{FEFD449B-4833-4E17-8293-9BFD556255A8}"
EndProject
Project("{9A19103F-16F7-4668-BE54-9A1E7A4F7556}") = "DegerVeReferansTipler", "DegerVeReferansTipleri\DegerVeReferansTipler.csproj", "{37154253-468A-4ACF-A3DC-1C1FAC809ACF}"
EndProject
Project("{9A19103F-16F7-4668-BE54-9A1E7A4F7556}") = "ClassMetotDemo", "ClassMetotDemo\ClassMetotDemo.csproj", "{A757F573-33E8-4FD1-8D30-1254A804EE47}"
EndProject
Project("{9A19103F-16F7-4668-BE54-9A1E7A4F7556}") = "OOP1", "OOP1\OOP1.csproj", "{8CD52A40-FE70-4BF9-A16F-956C867680DC}"
EndProject
Project("{9A19103F-16F7-4668-BE54-9A1E7A4F7556}") = "Collections", "Collections\Collections.csproj", "{D90D0BA8-4E64-42FD-97FF-4C74A7F1157E}"
EndProject
Project("{9A19103F-16F7-4668-BE54-9A1E7A4F7556}") = "GenericsIntro", "GenericsIntro\GenericsIntro.csproj", "{FAF5DEAD-DECD-43AB-9E58-19CBA957F27D}"
EndProject
Project("{FAE04EC0-301F-11D3-BF4B-00C04F79EFBC}") = "OOP2", "OOP2\OOP2.csproj", "{3B5C3194-3614-4774-BEEB-799B0C4676FC}"
EndProject
Project("{FAE04EC0-301F-11D3-BF4B-00C04F79EFBC}") = "OOP3", "OOP3\OOP3.csproj", "{C035A3C4-C587-4AD4-BBD6-94998911A3E8}"
EndProject
Global
	GlobalSection(SolutionConfigurationPlatforms) = preSolution
		Debug|Any CPU = Debug|Any CPU
		Release|Any CPU = Release|Any CPU
	EndGlobalSection
	GlobalSection(ProjectConfigurationPlatforms) = postSolution
		{21BE314D-FFE6-4A05-9DEE-390B5F03F19A}.Debug|Any CPU.ActiveCfg = Debug|Any CPU
		{21BE314D-FFE6-4A05-9DEE-390B5F03F19A}.Debug|Any CPU.Build.0 = Debug|Any CPU
		{21BE314D-FFE6-4A05-9DEE-390B5F03F19A}.Release|Any CPU.ActiveCfg = Release|Any CPU
		{21BE314D-FFE6-4A05-9DEE-390B5F03F19A}.Release|Any CPU.Build.0 = Release|Any CPU
		{CA7B9740-47DE-4448-BF93-D50CB86E6208}.Debug|Any CPU.ActiveCfg = Debug|Any CPU
		{CA7B9740-47DE-4448-BF93-D50CB86E6208}.Debug|Any CPU.Build.0 = Debug|Any CPU
		{CA7B9740-47DE-4448-BF93-D50CB86E6208}.Release|Any CPU.ActiveCfg = Release|Any CPU
		{CA7B9740-47DE-4448-BF93-D50CB86E6208}.Release|Any CPU.Build.0 = Release|Any CPU
		{365B740C-5C65-486E-8EC4-B21EC46C2953}.Debug|Any CPU.ActiveCfg = Debug|Any CPU
		{365B740C-5C65-486E-8EC4-B21EC46C2953}.Debug|Any CPU.Build.0 = Debug|Any CPU
		{365B740C-5C65-486E-8EC4-B21EC46C2953}.Release|Any CPU.ActiveCfg = Release|Any CPU
		{365B740C-5C65-486E-8EC4-B21EC46C2953}.Release|Any CPU.Build.0 = Release|Any CPU
		{4F6E064E-33D0-47CE-936D-9C62720A5F1F}.Debug|Any CPU.ActiveCfg = Debug|Any CPU
		{4F6E064E-33D0-47CE-936D-9C62720A5F1F}.Debug|Any CPU.Build.0 = Debug|Any CPU
		{4F6E064E-33D0-47CE-936D-9C62720A5F1F}.Release|Any CPU.ActiveCfg = Release|Any CPU
		{4F6E064E-33D0-47CE-936D-9C62720A5F1F}.Release|Any CPU.Build.0 = Release|Any CPU
		{FEFD449B-4833-4E17-8293-9BFD556255A8}.Debug|Any CPU.ActiveCfg = Debug|Any CPU
		{FEFD449B-4833-4E17-8293-9BFD556255A8}.Debug|Any CPU.Build.0 = Debug|Any CPU
		{FEFD449B-4833-4E17-8293-9BFD556255A8}.Release|Any CPU.ActiveCfg = Release|Any CPU
		{FEFD449B-4833-4E17-8293-9BFD556255A8}.Release|Any CPU.Build.0 = Release|Any CPU
		{37154253-468A-4ACF-A3DC-1C1FAC809ACF}.Debug|Any CPU.ActiveCfg = Debug|Any CPU
		{37154253-468A-4ACF-A3DC-1C1FAC809ACF}.Debug|Any CPU.Build.0 = Debug|Any CPU
		{37154253-468A-4ACF-A3DC-1C1FAC809ACF}.Release|Any CPU.ActiveCfg = Release|Any CPU
		{37154253-468A-4ACF-A3DC-1C1FAC809ACF}.Release|Any CPU.Build.0 = Release|Any CPU
		{A757F573-33E8-4FD1-8D30-1254A804EE47}.Debug|Any CPU.ActiveCfg = Debug|Any CPU
		{A757F573-33E8-4FD1-8D30-1254A804EE47}.Debug|Any CPU.Build.0 = Debug|Any CPU
		{A757F573-33E8-4FD1-8D30-1254A804EE47}.Release|Any CPU.ActiveCfg = Release|Any CPU
		{A757F573-33E8-4FD1-8D30-1254A804EE47}.Release|Any CPU.Build.0 = Release|Any CPU
		{8CD52A40-FE70-4BF9-A16F-956C867680DC}.Debug|Any CPU.ActiveCfg = Debug|Any CPU
		{8CD52A40-FE70-4BF9-A16F-956C867680DC}.Debug|Any CPU.Build.0 = Debug|Any CPU
		{8CD52A40-FE70-4BF9-A16F-956C867680DC}.Release|Any CPU.ActiveCfg = Release|Any CPU
		{8CD52A40-FE70-4BF9-A16F-956C867680DC}.Release|Any CPU.Build.0 = Release|Any CPU
		{D90D0BA8-4E64-42FD-97FF-4C74A7F1157E}.Debug|Any CPU.ActiveCfg = Debug|Any CPU
		{D90D0BA8-4E64-42FD-97FF-4C74A7F1157E}.Debug|Any CPU.Build.0 = Debug|Any CPU
		{D90D0BA8-4E64-42FD-97FF-4C74A7F1157E}.Release|Any CPU.ActiveCfg = Release|Any CPU
		{D90D0BA8-4E64-42FD-97FF-4C74A7F1157E}.Release|Any CPU.Build.0 = Release|Any CPU
		{FAF5DEAD-DECD-43AB-9E58-19CBA957F27D}.Debug|Any CPU.ActiveCfg = Debug|Any CPU
		{FAF5DEAD-DECD-43AB-9E58-19CBA957F27D}.Debug|Any CPU.Build.0 = Debug|Any CPU
		{FAF5DEAD-DECD-43AB-9E58-19CBA957F27D}.Release|Any CPU.ActiveCfg = Release|Any CPU
		{FAF5DEAD-DECD-43AB-9E58-19CBA957F27D}.Release|Any CPU.Build.0 = Release|Any CPU
		{3B5C3194-3614-4774-BEEB-799B0C4676FC}.Debug|Any CPU.ActiveCfg = Debug|Any CPU
		{3B5C3194-3614-4774-BEEB-799B0C4676FC}.Debug|Any CPU.Build.0 = Debug|Any CPU
		{3B5C3194-3614-4774-BEEB-799B0C4676FC}.Release|Any CPU.ActiveCfg = Release|Any CPU
		{3B5C3194-3614-4774-BEEB-799B0C4676FC}.Release|Any CPU.Build.0 = Release|Any CPU
		{C035A3C4-C587-4AD4-BBD6-94998911A3E8}.Debug|Any CPU.ActiveCfg = Debug|Any CPU
		{C035A3C4-C587-4AD4-BBD6-94998911A3E8}.Debug|Any CPU.Build.0 = Debug|Any CPU
		{C035A3C4-C587-4AD4-BBD6-94998911A3E8}.Release|Any CPU.ActiveCfg = Release|Any CPU
		{C035A3C4-C587-4AD4-BBD6-94998911A3E8}.Release|Any CPU.Build.0 = Release|Any CPU
	EndGlobalSection
	GlobalSection(SolutionProperties) = preSolution
		HideSolutionNode = FALSE
	EndGlobalSection
	GlobalSection(ExtensibilityGlobals) = postSolution
		SolutionGuid = {E6F8C5AF-3E9F-4A2C-8B4C-BFCE308DB5E8}
	EndGlobalSection
EndGlobal
